// !$*UTF8*$!
{
	archiveVersion = 1;
	classes = {
	};
	objectVersion = 56;
	objects = {

/* Begin PBXBuildFile section */
		6C4790FB2C41F4CA00999F36 /* ErrorStateView.swift in Sources */ = {isa = PBXBuildFile; fileRef = 6C4790FA2C41F4CA00999F36 /* ErrorStateView.swift */; };
		6C646D672C40631D00DE6769 /* CurrentLocationTableHeaderView.swift in Sources */ = {isa = PBXBuildFile; fileRef = 6C646D662C40631D00DE6769 /* CurrentLocationTableHeaderView.swift */; };
		6C7680BD2C385CF500D8895C /* AppDelegate.swift in Sources */ = {isa = PBXBuildFile; fileRef = 6C7680BC2C385CF500D8895C /* AppDelegate.swift */; };
		6C7680BF2C385CF500D8895C /* SceneDelegate.swift in Sources */ = {isa = PBXBuildFile; fileRef = 6C7680BE2C385CF500D8895C /* SceneDelegate.swift */; };
		6C7680C62C385CF700D8895C /* Assets.xcassets in Resources */ = {isa = PBXBuildFile; fileRef = 6C7680C52C385CF700D8895C /* Assets.xcassets */; };
		6C7680C92C385CF700D8895C /* LaunchScreen.storyboard in Resources */ = {isa = PBXBuildFile; fileRef = 6C7680C72C385CF700D8895C /* LaunchScreen.storyboard */; };
		6C7680D12C385F5800D8895C /* README.md in Resources */ = {isa = PBXBuildFile; fileRef = 6C7680D02C385F5800D8895C /* README.md */; };
		6C7680D62C3ABD7600D8895C /* RestaurantsResponse.swift in Sources */ = {isa = PBXBuildFile; fileRef = 6C7680D52C3ABD7600D8895C /* RestaurantsResponse.swift */; };
		6C7680D92C3ABDB200D8895C /* RestaurantsService.swift in Sources */ = {isa = PBXBuildFile; fileRef = 6C7680D82C3ABDB200D8895C /* RestaurantsService.swift */; };
		6C7680DE2C3ABF4100D8895C /* Networking.swift in Sources */ = {isa = PBXBuildFile; fileRef = 6C7680DD2C3ABF4100D8895C /* Networking.swift */; };
		6C7680E12C3ABF8B00D8895C /* NetworkError.swift in Sources */ = {isa = PBXBuildFile; fileRef = 6C7680E02C3ABF8B00D8895C /* NetworkError.swift */; };
		6C7680E32C3AC01F00D8895C /* RestaurantsServiceError.swift in Sources */ = {isa = PBXBuildFile; fileRef = 6C7680E22C3AC01F00D8895C /* RestaurantsServiceError.swift */; };
		6C7680E52C3AC36100D8895C /* HTTPError.swift in Sources */ = {isa = PBXBuildFile; fileRef = 6C7680E42C3AC36100D8895C /* HTTPError.swift */; };
		6C7680E82C3AC52F00D8895C /* URLResponseExtensions.swift in Sources */ = {isa = PBXBuildFile; fileRef = 6C7680E72C3AC52F00D8895C /* URLResponseExtensions.swift */; };
		6C7680EB2C3AC7CD00D8895C /* WelcomeViewController.swift in Sources */ = {isa = PBXBuildFile; fileRef = 6C7680EA2C3AC7CD00D8895C /* WelcomeViewController.swift */; };
		6C7680ED2C3AC7DC00D8895C /* WelcomeViewModel.swift in Sources */ = {isa = PBXBuildFile; fileRef = 6C7680EC2C3AC7DC00D8895C /* WelcomeViewModel.swift */; };
		6C7680F12C3AC80A00D8895C /* VenueListViewController.swift in Sources */ = {isa = PBXBuildFile; fileRef = 6C7680F02C3AC80A00D8895C /* VenueListViewController.swift */; };
		6C7680F32C3AC82400D8895C /* VenueListViewModel.swift in Sources */ = {isa = PBXBuildFile; fileRef = 6C7680F22C3AC82400D8895C /* VenueListViewModel.swift */; };
		6C7680F52C3BD06E00D8895C /* VenueTableViewCell.swift in Sources */ = {isa = PBXBuildFile; fileRef = 6C7680F42C3BD06E00D8895C /* VenueTableViewCell.swift */; };
		6C7680F92C3C0A7400D8895C /* ErrorState.swift in Sources */ = {isa = PBXBuildFile; fileRef = 6C7680F82C3C0A7400D8895C /* ErrorState.swift */; };
		6C7680FC2C3C0D2B00D8895C /* ErrorMessage.swift in Sources */ = {isa = PBXBuildFile; fileRef = 6C7680FB2C3C0D2B00D8895C /* ErrorMessage.swift */; };
		6C7680FE2C3C678300D8895C /* NetworkImageView.swift in Sources */ = {isa = PBXBuildFile; fileRef = 6C7680FD2C3C678300D8895C /* NetworkImageView.swift */; };
		6C7681002C3C67A300D8895C /* ImageLoaderService.swift in Sources */ = {isa = PBXBuildFile; fileRef = 6C7680FF2C3C67A300D8895C /* ImageLoaderService.swift */; };
		6C7681032C3DD6F300D8895C /* RestaurantDB.xcdatamodeld in Sources */ = {isa = PBXBuildFile; fileRef = 6C7681012C3DD6F300D8895C /* RestaurantDB.xcdatamodeld */; };
		6C76811F2C3E7C6F00D8895C /* CoreDataManager.swift in Sources */ = {isa = PBXBuildFile; fileRef = 6C76811E2C3E7C6F00D8895C /* CoreDataManager.swift */; };
		6C7681212C3FFC0B00D8895C /* FavoriteButton.swift in Sources */ = {isa = PBXBuildFile; fileRef = 6C7681202C3FFC0B00D8895C /* FavoriteButton.swift */; };
		6C7681262C400EE900D8895C /* LocationManager.swift in Sources */ = {isa = PBXBuildFile; fileRef = 6C7681252C400EE900D8895C /* LocationManager.swift */; };
/* End PBXBuildFile section */

/* Begin PBXFileReference section */
		6C4790FA2C41F4CA00999F36 /* ErrorStateView.swift */ = {isa = PBXFileReference; lastKnownFileType = sourcecode.swift; path = ErrorStateView.swift; sourceTree = "<group>"; };
		6C646D662C40631D00DE6769 /* CurrentLocationTableHeaderView.swift */ = {isa = PBXFileReference; lastKnownFileType = sourcecode.swift; path = CurrentLocationTableHeaderView.swift; sourceTree = "<group>"; };
		6C7680B92C385CF500D8895C /* Wolt.app */ = {isa = PBXFileReference; explicitFileType = wrapper.application; includeInIndex = 0; path = Wolt.app; sourceTree = BUILT_PRODUCTS_DIR; };
		6C7680BC2C385CF500D8895C /* AppDelegate.swift */ = {isa = PBXFileReference; lastKnownFileType = sourcecode.swift; path = AppDelegate.swift; sourceTree = "<group>"; };
		6C7680BE2C385CF500D8895C /* SceneDelegate.swift */ = {isa = PBXFileReference; lastKnownFileType = sourcecode.swift; path = SceneDelegate.swift; sourceTree = "<group>"; };
		6C7680C52C385CF700D8895C /* Assets.xcassets */ = {isa = PBXFileReference; lastKnownFileType = folder.assetcatalog; path = Assets.xcassets; sourceTree = "<group>"; };
		6C7680C82C385CF700D8895C /* Base */ = {isa = PBXFileReference; lastKnownFileType = file.storyboard; name = Base; path = Base.lproj/LaunchScreen.storyboard; sourceTree = "<group>"; };
		6C7680CA2C385CF700D8895C /* Info.plist */ = {isa = PBXFileReference; lastKnownFileType = text.plist.xml; path = Info.plist; sourceTree = "<group>"; };
		6C7680D02C385F5800D8895C /* README.md */ = {isa = PBXFileReference; lastKnownFileType = net.daringfireball.markdown; path = README.md; sourceTree = "<group>"; };
		6C7680D52C3ABD7600D8895C /* RestaurantsResponse.swift */ = {isa = PBXFileReference; lastKnownFileType = sourcecode.swift; path = RestaurantsResponse.swift; sourceTree = "<group>"; };
		6C7680D82C3ABDB200D8895C /* RestaurantsService.swift */ = {isa = PBXFileReference; lastKnownFileType = sourcecode.swift; path = RestaurantsService.swift; sourceTree = "<group>"; };
		6C7680DD2C3ABF4100D8895C /* Networking.swift */ = {isa = PBXFileReference; lastKnownFileType = sourcecode.swift; path = Networking.swift; sourceTree = "<group>"; };
		6C7680E02C3ABF8B00D8895C /* NetworkError.swift */ = {isa = PBXFileReference; lastKnownFileType = sourcecode.swift; path = NetworkError.swift; sourceTree = "<group>"; };
		6C7680E22C3AC01F00D8895C /* RestaurantsServiceError.swift */ = {isa = PBXFileReference; lastKnownFileType = sourcecode.swift; path = RestaurantsServiceError.swift; sourceTree = "<group>"; };
		6C7680E42C3AC36100D8895C /* HTTPError.swift */ = {isa = PBXFileReference; lastKnownFileType = sourcecode.swift; path = HTTPError.swift; sourceTree = "<group>"; };
		6C7680E72C3AC52F00D8895C /* URLResponseExtensions.swift */ = {isa = PBXFileReference; lastKnownFileType = sourcecode.swift; path = URLResponseExtensions.swift; sourceTree = "<group>"; };
		6C7680EA2C3AC7CD00D8895C /* WelcomeViewController.swift */ = {isa = PBXFileReference; lastKnownFileType = sourcecode.swift; path = WelcomeViewController.swift; sourceTree = "<group>"; };
		6C7680EC2C3AC7DC00D8895C /* WelcomeViewModel.swift */ = {isa = PBXFileReference; lastKnownFileType = sourcecode.swift; path = WelcomeViewModel.swift; sourceTree = "<group>"; };
		6C7680F02C3AC80A00D8895C /* VenueListViewController.swift */ = {isa = PBXFileReference; lastKnownFileType = sourcecode.swift; path = VenueListViewController.swift; sourceTree = "<group>"; };
		6C7680F22C3AC82400D8895C /* VenueListViewModel.swift */ = {isa = PBXFileReference; lastKnownFileType = sourcecode.swift; path = VenueListViewModel.swift; sourceTree = "<group>"; };
		6C7680F42C3BD06E00D8895C /* VenueTableViewCell.swift */ = {isa = PBXFileReference; lastKnownFileType = sourcecode.swift; path = VenueTableViewCell.swift; sourceTree = "<group>"; };
		6C7680F82C3C0A7400D8895C /* ErrorState.swift */ = {isa = PBXFileReference; lastKnownFileType = sourcecode.swift; path = ErrorState.swift; sourceTree = "<group>"; };
		6C7680FB2C3C0D2B00D8895C /* ErrorMessage.swift */ = {isa = PBXFileReference; lastKnownFileType = sourcecode.swift; path = ErrorMessage.swift; sourceTree = "<group>"; };
		6C7680FD2C3C678300D8895C /* NetworkImageView.swift */ = {isa = PBXFileReference; lastKnownFileType = sourcecode.swift; path = NetworkImageView.swift; sourceTree = "<group>"; };
		6C7680FF2C3C67A300D8895C /* ImageLoaderService.swift */ = {isa = PBXFileReference; lastKnownFileType = sourcecode.swift; path = ImageLoaderService.swift; sourceTree = "<group>"; };
		6C7681022C3DD6F300D8895C /* Restaurant.xcdatamodel */ = {isa = PBXFileReference; lastKnownFileType = wrapper.xcdatamodel; path = Restaurant.xcdatamodel; sourceTree = "<group>"; };
		6C76811E2C3E7C6F00D8895C /* CoreDataManager.swift */ = {isa = PBXFileReference; lastKnownFileType = sourcecode.swift; path = CoreDataManager.swift; sourceTree = "<group>"; };
		6C7681202C3FFC0B00D8895C /* FavoriteButton.swift */ = {isa = PBXFileReference; lastKnownFileType = sourcecode.swift; path = FavoriteButton.swift; sourceTree = "<group>"; };
		6C7681252C400EE900D8895C /* LocationManager.swift */ = {isa = PBXFileReference; lastKnownFileType = sourcecode.swift; path = LocationManager.swift; sourceTree = "<group>"; };
/* End PBXFileReference section */

/* Begin PBXFrameworksBuildPhase section */
		6C7680B62C385CF500D8895C /* Frameworks */ = {
			isa = PBXFrameworksBuildPhase;
			buildActionMask = 2147483647;
			files = (
			);
			runOnlyForDeploymentPostprocessing = 0;
		};
/* End PBXFrameworksBuildPhase section */

/* Begin PBXGroup section */
		6C7680B02C385CF500D8895C = {
			isa = PBXGroup;
			children = (
				6C7680BB2C385CF500D8895C /* Wolt */,
			);
			sourceTree = "<group>";
		};
		6C7680BA2C385CF500D8895C /* Products */ = {
			isa = PBXGroup;
			children = (
				6C7680B92C385CF500D8895C /* Wolt.app */,
			);
			name = Products;
			path = ..;
			sourceTree = "<group>";
		};
		6C7680BB2C385CF500D8895C /* Wolt */ = {
			isa = PBXGroup;
			children = (
				6C7680CA2C385CF700D8895C /* Info.plist */,
				6C7680BC2C385CF500D8895C /* AppDelegate.swift */,
				6C7680BE2C385CF500D8895C /* SceneDelegate.swift */,
				6C7680C52C385CF700D8895C /* Assets.xcassets */,
				6C7680C72C385CF700D8895C /* LaunchScreen.storyboard */,
				6C7680D02C385F5800D8895C /* README.md */,
				6C7681012C3DD6F300D8895C /* RestaurantDB.xcdatamodeld */,
				6C7681152C3E7A1F00D8895C /* CoreData */,
				6C7680E92C3AC7B800D8895C /* Screens */,
				6C7680D22C3ABC4900D8895C /* Model */,
				6C7680DC2C3ABF3200D8895C /* Networking */,
				6C7680D72C3ABD9700D8895C /* Services */,
				6C7681242C400ED600D8895C /* Utilities */,
				6C7680D32C3ABC5000D8895C /* View */,
				6C7680BA2C385CF500D8895C /* Products */,
			);
			path = Wolt;
			sourceTree = "<group>";
		};
		6C7680D22C3ABC4900D8895C /* Model */ = {
			isa = PBXGroup;
			children = (
				6C7680DF2C3ABF7800D8895C /* Errors */,
				6C7680D52C3ABD7600D8895C /* RestaurantsResponse.swift */,
			);
			path = Model;
			sourceTree = "<group>";
		};
		6C7680D32C3ABC5000D8895C /* View */ = {
			isa = PBXGroup;
			children = (
				6C7680F42C3BD06E00D8895C /* VenueTableViewCell.swift */,
				6C7681202C3FFC0B00D8895C /* FavoriteButton.swift */,
				6C646D662C40631D00DE6769 /* CurrentLocationTableHeaderView.swift */,
				6C4790FA2C41F4CA00999F36 /* ErrorStateView.swift */,
			);
			path = View;
			sourceTree = "<group>";
		};
		6C7680D72C3ABD9700D8895C /* Services */ = {
			isa = PBXGroup;
			children = (
				6C7680D82C3ABDB200D8895C /* RestaurantsService.swift */,
				6C7680E22C3AC01F00D8895C /* RestaurantsServiceError.swift */,
				6C7680FF2C3C67A300D8895C /* ImageLoaderService.swift */,
			);
			path = Services;
			sourceTree = "<group>";
		};
		6C7680DC2C3ABF3200D8895C /* Networking */ = {
			isa = PBXGroup;
			children = (
				6C7680E62C3AC50400D8895C /* Utilities */,
				6C7680DD2C3ABF4100D8895C /* Networking.swift */,
			);
			path = Networking;
			sourceTree = "<group>";
		};
		6C7680DF2C3ABF7800D8895C /* Errors */ = {
			isa = PBXGroup;
			children = (
				6C7680E02C3ABF8B00D8895C /* NetworkError.swift */,
				6C7680E42C3AC36100D8895C /* HTTPError.swift */,
				6C7680F82C3C0A7400D8895C /* ErrorState.swift */,
				6C7680FB2C3C0D2B00D8895C /* ErrorMessage.swift */,
			);
			path = Errors;
			sourceTree = "<group>";
		};
		6C7680E62C3AC50400D8895C /* Utilities */ = {
			isa = PBXGroup;
			children = (
				6C7680E72C3AC52F00D8895C /* URLResponseExtensions.swift */,
				6C7680FD2C3C678300D8895C /* NetworkImageView.swift */,
			);
			path = Utilities;
			sourceTree = "<group>";
		};
		6C7680E92C3AC7B800D8895C /* Screens */ = {
			isa = PBXGroup;
			children = (
				6C7680EF2C3AC7F100D8895C /* VenueList */,
				6C7680EE2C3AC7E400D8895C /* Welcome */,
			);
			path = Screens;
			sourceTree = "<group>";
		};
		6C7680EE2C3AC7E400D8895C /* Welcome */ = {
			isa = PBXGroup;
			children = (
				6C7680EA2C3AC7CD00D8895C /* WelcomeViewController.swift */,
				6C7680EC2C3AC7DC00D8895C /* WelcomeViewModel.swift */,
			);
			path = Welcome;
			sourceTree = "<group>";
		};
		6C7680EF2C3AC7F100D8895C /* VenueList */ = {
			isa = PBXGroup;
			children = (
				6C7680F02C3AC80A00D8895C /* VenueListViewController.swift */,
				6C7680F22C3AC82400D8895C /* VenueListViewModel.swift */,
			);
			path = VenueList;
			sourceTree = "<group>";
		};
		6C7681152C3E7A1F00D8895C /* CoreData */ = {
			isa = PBXGroup;
			children = (
				6C76811E2C3E7C6F00D8895C /* CoreDataManager.swift */,
			);
			path = CoreData;
			sourceTree = "<group>";
		};
		6C7681242C400ED600D8895C /* Utilities */ = {
			isa = PBXGroup;
			children = (
				6C7681252C400EE900D8895C /* LocationManager.swift */,
			);
			path = Utilities;
			sourceTree = "<group>";
		};
/* End PBXGroup section */

/* Begin PBXNativeTarget section */
		6C7680B82C385CF500D8895C /* Wolt */ = {
			isa = PBXNativeTarget;
			buildConfigurationList = 6C7680CD2C385CF700D8895C /* Build configuration list for PBXNativeTarget "Wolt" */;
			buildPhases = (
				6C7680B52C385CF500D8895C /* Sources */,
				6C7680B62C385CF500D8895C /* Frameworks */,
				6C7680B72C385CF500D8895C /* Resources */,
			);
			buildRules = (
			);
			dependencies = (
			);
			name = Wolt;
			productName = Wolt;
			productReference = 6C7680B92C385CF500D8895C /* Wolt.app */;
			productType = "com.apple.product-type.application";
		};
/* End PBXNativeTarget section */

/* Begin PBXProject section */
		6C7680B12C385CF500D8895C /* Project object */ = {
			isa = PBXProject;
			attributes = {
				BuildIndependentTargetsInParallel = 1;
				LastSwiftUpdateCheck = 1520;
				LastUpgradeCheck = 1520;
				TargetAttributes = {
					6C7680B82C385CF500D8895C = {
						CreatedOnToolsVersion = 15.2;
					};
				};
			};
			buildConfigurationList = 6C7680B42C385CF500D8895C /* Build configuration list for PBXProject "Wolt" */;
			compatibilityVersion = "Xcode 14.0";
			developmentRegion = en;
			hasScannedForEncodings = 0;
			knownRegions = (
				en,
				Base,
			);
			mainGroup = 6C7680B02C385CF500D8895C;
			productRefGroup = 6C7680BA2C385CF500D8895C /* Products */;
			projectDirPath = "";
			projectRoot = "";
			targets = (
				6C7680B82C385CF500D8895C /* Wolt */,
			);
		};
/* End PBXProject section */

/* Begin PBXResourcesBuildPhase section */
		6C7680B72C385CF500D8895C /* Resources */ = {
			isa = PBXResourcesBuildPhase;
			buildActionMask = 2147483647;
			files = (
				6C7680D12C385F5800D8895C /* README.md in Resources */,
				6C7680C92C385CF700D8895C /* LaunchScreen.storyboard in Resources */,
				6C7680C62C385CF700D8895C /* Assets.xcassets in Resources */,
			);
			runOnlyForDeploymentPostprocessing = 0;
		};
/* End PBXResourcesBuildPhase section */

/* Begin PBXSourcesBuildPhase section */
		6C7680B52C385CF500D8895C /* Sources */ = {
			isa = PBXSourcesBuildPhase;
			buildActionMask = 2147483647;
			files = (
				6C7681002C3C67A300D8895C /* ImageLoaderService.swift in Sources */,
				6C7681262C400EE900D8895C /* LocationManager.swift in Sources */,
				6C7680FE2C3C678300D8895C /* NetworkImageView.swift in Sources */,
				6C7681212C3FFC0B00D8895C /* FavoriteButton.swift in Sources */,
				6C646D672C40631D00DE6769 /* CurrentLocationTableHeaderView.swift in Sources */,
				6C7680E12C3ABF8B00D8895C /* NetworkError.swift in Sources */,
				6C7680ED2C3AC7DC00D8895C /* WelcomeViewModel.swift in Sources */,
				6C7680BD2C385CF500D8895C /* AppDelegate.swift in Sources */,
				6C7681032C3DD6F300D8895C /* RestaurantDB.xcdatamodeld in Sources */,
				6C7680BF2C385CF500D8895C /* SceneDelegate.swift in Sources */,
				6C76811F2C3E7C6F00D8895C /* CoreDataManager.swift in Sources */,
				6C7680E32C3AC01F00D8895C /* RestaurantsServiceError.swift in Sources */,
				6C7680D92C3ABDB200D8895C /* RestaurantsService.swift in Sources */,
				6C7680E82C3AC52F00D8895C /* URLResponseExtensions.swift in Sources */,
				6C4790FB2C41F4CA00999F36 /* ErrorStateView.swift in Sources */,
				6C7680F52C3BD06E00D8895C /* VenueTableViewCell.swift in Sources */,
				6C7680D62C3ABD7600D8895C /* RestaurantsResponse.swift in Sources */,
				6C7680F92C3C0A7400D8895C /* ErrorState.swift in Sources */,
				6C7680F12C3AC80A00D8895C /* VenueListViewController.swift in Sources */,
				6C7680EB2C3AC7CD00D8895C /* WelcomeViewController.swift in Sources */,
				6C7680F32C3AC82400D8895C /* VenueListViewModel.swift in Sources */,
				6C7680E52C3AC36100D8895C /* HTTPError.swift in Sources */,
				6C7680FC2C3C0D2B00D8895C /* ErrorMessage.swift in Sources */,
				6C7680DE2C3ABF4100D8895C /* Networking.swift in Sources */,
			);
			runOnlyForDeploymentPostprocessing = 0;
		};
/* End PBXSourcesBuildPhase section */

/* Begin PBXVariantGroup section */
		6C7680C72C385CF700D8895C /* LaunchScreen.storyboard */ = {
			isa = PBXVariantGroup;
			children = (
				6C7680C82C385CF700D8895C /* Base */,
			);
			name = LaunchScreen.storyboard;
			sourceTree = "<group>";
		};
/* End PBXVariantGroup section */

/* Begin XCBuildConfiguration section */
		6C7680CB2C385CF700D8895C /* Debug */ = {
			isa = XCBuildConfiguration;
			buildSettings = {
				ALWAYS_SEARCH_USER_PATHS = NO;
				ASSETCATALOG_COMPILER_GENERATE_SWIFT_ASSET_SYMBOL_EXTENSIONS = YES;
				CLANG_ANALYZER_NONNULL = YES;
				CLANG_ANALYZER_NUMBER_OBJECT_CONVERSION = YES_AGGRESSIVE;
				CLANG_CXX_LANGUAGE_STANDARD = "gnu++20";
				CLANG_ENABLE_MODULES = YES;
				CLANG_ENABLE_OBJC_ARC = YES;
				CLANG_ENABLE_OBJC_WEAK = YES;
				CLANG_WARN_BLOCK_CAPTURE_AUTORELEASING = YES;
				CLANG_WARN_BOOL_CONVERSION = YES;
				CLANG_WARN_COMMA = YES;
				CLANG_WARN_CONSTANT_CONVERSION = YES;
				CLANG_WARN_DEPRECATED_OBJC_IMPLEMENTATIONS = YES;
				CLANG_WARN_DIRECT_OBJC_ISA_USAGE = YES_ERROR;
				CLANG_WARN_DOCUMENTATION_COMMENTS = YES;
				CLANG_WARN_EMPTY_BODY = YES;
				CLANG_WARN_ENUM_CONVERSION = YES;
				CLANG_WARN_INFINITE_RECURSION = YES;
				CLANG_WARN_INT_CONVERSION = YES;
				CLANG_WARN_NON_LITERAL_NULL_CONVERSION = YES;
				CLANG_WARN_OBJC_IMPLICIT_RETAIN_SELF = YES;
				CLANG_WARN_OBJC_LITERAL_CONVERSION = YES;
				CLANG_WARN_OBJC_ROOT_CLASS = YES_ERROR;
				CLANG_WARN_QUOTED_INCLUDE_IN_FRAMEWORK_HEADER = YES;
				CLANG_WARN_RANGE_LOOP_ANALYSIS = YES;
				CLANG_WARN_STRICT_PROTOTYPES = YES;
				CLANG_WARN_SUSPICIOUS_MOVE = YES;
				CLANG_WARN_UNGUARDED_AVAILABILITY = YES_AGGRESSIVE;
				CLANG_WARN_UNREACHABLE_CODE = YES;
				CLANG_WARN__DUPLICATE_METHOD_MATCH = YES;
				COPY_PHASE_STRIP = NO;
				DEBUG_INFORMATION_FORMAT = dwarf;
				ENABLE_STRICT_OBJC_MSGSEND = YES;
				ENABLE_TESTABILITY = YES;
				ENABLE_USER_SCRIPT_SANDBOXING = YES;
				GCC_C_LANGUAGE_STANDARD = gnu17;
				GCC_DYNAMIC_NO_PIC = NO;
				GCC_NO_COMMON_BLOCKS = YES;
				GCC_OPTIMIZATION_LEVEL = 0;
				GCC_PREPROCESSOR_DEFINITIONS = (
					"DEBUG=1",
					"$(inherited)",
				);
				GCC_WARN_64_TO_32_BIT_CONVERSION = YES;
				GCC_WARN_ABOUT_RETURN_TYPE = YES_ERROR;
				GCC_WARN_UNDECLARED_SELECTOR = YES;
				GCC_WARN_UNINITIALIZED_AUTOS = YES_AGGRESSIVE;
				GCC_WARN_UNUSED_FUNCTION = YES;
				GCC_WARN_UNUSED_VARIABLE = YES;
				IPHONEOS_DEPLOYMENT_TARGET = 17.2;
				LOCALIZATION_PREFERS_STRING_CATALOGS = YES;
				MTL_ENABLE_DEBUG_INFO = INCLUDE_SOURCE;
				MTL_FAST_MATH = YES;
				ONLY_ACTIVE_ARCH = YES;
				SDKROOT = iphoneos;
				SWIFT_ACTIVE_COMPILATION_CONDITIONS = "DEBUG $(inherited)";
				SWIFT_OPTIMIZATION_LEVEL = "-Onone";
			};
			name = Debug;
		};
		6C7680CC2C385CF700D8895C /* Release */ = {
			isa = XCBuildConfiguration;
			buildSettings = {
				ALWAYS_SEARCH_USER_PATHS = NO;
				ASSETCATALOG_COMPILER_GENERATE_SWIFT_ASSET_SYMBOL_EXTENSIONS = YES;
				CLANG_ANALYZER_NONNULL = YES;
				CLANG_ANALYZER_NUMBER_OBJECT_CONVERSION = YES_AGGRESSIVE;
				CLANG_CXX_LANGUAGE_STANDARD = "gnu++20";
				CLANG_ENABLE_MODULES = YES;
				CLANG_ENABLE_OBJC_ARC = YES;
				CLANG_ENABLE_OBJC_WEAK = YES;
				CLANG_WARN_BLOCK_CAPTURE_AUTORELEASING = YES;
				CLANG_WARN_BOOL_CONVERSION = YES;
				CLANG_WARN_COMMA = YES;
				CLANG_WARN_CONSTANT_CONVERSION = YES;
				CLANG_WARN_DEPRECATED_OBJC_IMPLEMENTATIONS = YES;
				CLANG_WARN_DIRECT_OBJC_ISA_USAGE = YES_ERROR;
				CLANG_WARN_DOCUMENTATION_COMMENTS = YES;
				CLANG_WARN_EMPTY_BODY = YES;
				CLANG_WARN_ENUM_CONVERSION = YES;
				CLANG_WARN_INFINITE_RECURSION = YES;
				CLANG_WARN_INT_CONVERSION = YES;
				CLANG_WARN_NON_LITERAL_NULL_CONVERSION = YES;
				CLANG_WARN_OBJC_IMPLICIT_RETAIN_SELF = YES;
				CLANG_WARN_OBJC_LITERAL_CONVERSION = YES;
				CLANG_WARN_OBJC_ROOT_CLASS = YES_ERROR;
				CLANG_WARN_QUOTED_INCLUDE_IN_FRAMEWORK_HEADER = YES;
				CLANG_WARN_RANGE_LOOP_ANALYSIS = YES;
				CLANG_WARN_STRICT_PROTOTYPES = YES;
				CLANG_WARN_SUSPICIOUS_MOVE = YES;
				CLANG_WARN_UNGUARDED_AVAILABILITY = YES_AGGRESSIVE;
				CLANG_WARN_UNREACHABLE_CODE = YES;
				CLANG_WARN__DUPLICATE_METHOD_MATCH = YES;
				COPY_PHASE_STRIP = NO;
				DEBUG_INFORMATION_FORMAT = "dwarf-with-dsym";
				ENABLE_NS_ASSERTIONS = NO;
				ENABLE_STRICT_OBJC_MSGSEND = YES;
				ENABLE_USER_SCRIPT_SANDBOXING = YES;
				GCC_C_LANGUAGE_STANDARD = gnu17;
				GCC_NO_COMMON_BLOCKS = YES;
				GCC_WARN_64_TO_32_BIT_CONVERSION = YES;
				GCC_WARN_ABOUT_RETURN_TYPE = YES_ERROR;
				GCC_WARN_UNDECLARED_SELECTOR = YES;
				GCC_WARN_UNINITIALIZED_AUTOS = YES_AGGRESSIVE;
				GCC_WARN_UNUSED_FUNCTION = YES;
				GCC_WARN_UNUSED_VARIABLE = YES;
				IPHONEOS_DEPLOYMENT_TARGET = 17.2;
				LOCALIZATION_PREFERS_STRING_CATALOGS = YES;
				MTL_ENABLE_DEBUG_INFO = NO;
				MTL_FAST_MATH = YES;
				SDKROOT = iphoneos;
				SWIFT_COMPILATION_MODE = wholemodule;
				VALIDATE_PRODUCT = YES;
			};
			name = Release;
		};
		6C7680CE2C385CF700D8895C /* Debug */ = {
			isa = XCBuildConfiguration;
			buildSettings = {
				ASSETCATALOG_COMPILER_APPICON_NAME = AppIcon;
				ASSETCATALOG_COMPILER_GLOBAL_ACCENT_COLOR_NAME = AccentColor;
				CODE_SIGN_STYLE = Automatic;
				CURRENT_PROJECT_VERSION = 1;
				DEVELOPMENT_TEAM = KXSZN874WP;
				GENERATE_INFOPLIST_FILE = YES;
				INFOPLIST_FILE = Wolt/Info.plist;
				INFOPLIST_KEY_LSApplicationCategoryType = "public.app-category.food-and-drink";
				INFOPLIST_KEY_NSLocationAlwaysUsageDescription = "Wolt app need location permission to show nearby restaurants.";
				INFOPLIST_KEY_NSLocationWhenInUseUsageDescription = "Wolt app need location permission to show nearby restaurants.";
				INFOPLIST_KEY_UIApplicationSupportsIndirectInputEvents = YES;
				INFOPLIST_KEY_UILaunchStoryboardName = LaunchScreen;
				INFOPLIST_KEY_UIMainStoryboardFile = "";
				INFOPLIST_KEY_UISupportedInterfaceOrientations_iPad = "UIInterfaceOrientationPortrait UIInterfaceOrientationPortraitUpsideDown UIInterfaceOrientationLandscapeLeft UIInterfaceOrientationLandscapeRight";
				INFOPLIST_KEY_UISupportedInterfaceOrientations_iPhone = "UIInterfaceOrientationPortrait UIInterfaceOrientationLandscapeLeft UIInterfaceOrientationLandscapeRight";
				LD_RUNPATH_SEARCH_PATHS = (
					"$(inherited)",
					"@executable_path/Frameworks",
				);
				MARKETING_VERSION = 1.0;
				PRODUCT_BUNDLE_IDENTIFIER = com.owaisss10.WoltTask;
				PRODUCT_NAME = "$(TARGET_NAME)";
				SWIFT_EMIT_LOC_STRINGS = YES;
				SWIFT_VERSION = 5.0;
				TARGETED_DEVICE_FAMILY = "1,2";
			};
			name = Debug;
		};
		6C7680CF2C385CF700D8895C /* Release */ = {
			isa = XCBuildConfiguration;
			buildSettings = {
				ASSETCATALOG_COMPILER_APPICON_NAME = AppIcon;
				ASSETCATALOG_COMPILER_GLOBAL_ACCENT_COLOR_NAME = AccentColor;
				CODE_SIGN_STYLE = Automatic;
				CURRENT_PROJECT_VERSION = 1;
				DEVELOPMENT_TEAM = KXSZN874WP;
				GENERATE_INFOPLIST_FILE = YES;
				INFOPLIST_FILE = Wolt/Info.plist;
				INFOPLIST_KEY_LSApplicationCategoryType = "public.app-category.food-and-drink";
				INFOPLIST_KEY_NSLocationAlwaysUsageDescription = "Wolt app need location permission to show nearby restaurants.";
				INFOPLIST_KEY_NSLocationWhenInUseUsageDescription = "Wolt app need location permission to show nearby restaurants.";
				INFOPLIST_KEY_UIApplicationSupportsIndirectInputEvents = YES;
				INFOPLIST_KEY_UILaunchStoryboardName = LaunchScreen;
				INFOPLIST_KEY_UIMainStoryboardFile = "";
				INFOPLIST_KEY_UISupportedInterfaceOrientations_iPad = "UIInterfaceOrientationPortrait UIInterfaceOrientationPortraitUpsideDown UIInterfaceOrientationLandscapeLeft UIInterfaceOrientationLandscapeRight";
				INFOPLIST_KEY_UISupportedInterfaceOrientations_iPhone = "UIInterfaceOrientationPortrait UIInterfaceOrientationLandscapeLeft UIInterfaceOrientationLandscapeRight";
				LD_RUNPATH_SEARCH_PATHS = (
					"$(inherited)",
					"@executable_path/Frameworks",
				);
				MARKETING_VERSION = 1.0;
				PRODUCT_BUNDLE_IDENTIFIER = com.owaisss10.WoltTask;
				PRODUCT_NAME = "$(TARGET_NAME)";
				SWIFT_EMIT_LOC_STRINGS = YES;
				SWIFT_VERSION = 5.0;
				TARGETED_DEVICE_FAMILY = "1,2";
			};
			name = Release;
		};
/* End XCBuildConfiguration section */

/* Begin XCConfigurationList section */
		6C7680B42C385CF500D8895C /* Build configuration list for PBXProject "Wolt" */ = {
			isa = XCConfigurationList;
			buildConfigurations = (
				6C7680CB2C385CF700D8895C /* Debug */,
				6C7680CC2C385CF700D8895C /* Release */,
			);
			defaultConfigurationIsVisible = 0;
			defaultConfigurationName = Release;
		};
		6C7680CD2C385CF700D8895C /* Build configuration list for PBXNativeTarget "Wolt" */ = {
			isa = XCConfigurationList;
			buildConfigurations = (
				6C7680CE2C385CF700D8895C /* Debug */,
				6C7680CF2C385CF700D8895C /* Release */,
			);
			defaultConfigurationIsVisible = 0;
			defaultConfigurationName = Release;
		};
/* End XCConfigurationList section */

/* Begin XCVersionGroup section */
		6C7681012C3DD6F300D8895C /* RestaurantDB.xcdatamodeld */ = {
			isa = XCVersionGroup;
			children = (
				6C7681022C3DD6F300D8895C /* Restaurant.xcdatamodel */,
			);
			currentVersion = 6C7681022C3DD6F300D8895C /* Restaurant.xcdatamodel */;
			path = RestaurantDB.xcdatamodeld;
			sourceTree = "<group>";
			versionGroupType = wrapper.xcdatamodel;
		};
/* End XCVersionGroup section */
	};
	rootObject = 6C7680B12C385CF500D8895C /* Project object */;
}
